{
  "name": "orquetask-frontend",
  "version": "1.0.0",
  "lockfileVersion": 3,
  "requires": true,
  "packages": {
    "": {
      "name": "orquetask-frontend",
      "version": "1.0.0",
      "dependencies": {
        "@excalidraw/excalidraw": "0.18.0",
        "@tiptap/core": "3.4.2",
        "@tiptap/extension-file-handler": "3.4.2",
        "@tiptap/extension-highlight": "3.4.2",
        "@tiptap/extension-image": "3.4.2",
        "@tiptap/extension-link": "3.4.2",
        "@tiptap/extension-list": "3.4.2",
        "@tiptap/extension-subscript": "3.4.2",
        "@tiptap/extension-superscript": "3.4.2",
        "@tiptap/extension-table": "3.4.2",
        "@tiptap/extension-text-align": "3.4.2",
        "@tiptap/extension-text-style": "3.4.2",
        "@tiptap/extension-underline": "3.4.2",
        "@tiptap/extensions": "3.4.2",
        "@tiptap/starter-kit": "3.4.2",
        "react": "18.3.1",
        "react-dom": "18.3.1"
      },
      "devDependencies": {
        "@vitejs/plugin-react": "5.0.4",
        "vite": "7.1.7"
      },
      "engines": {
        "node": "^20.19.0 || >=22.12.0"
      }
    },
    "node_modules/@excalidraw/excalidraw": {
      "version": "0.18.0"
    },
    "node_modules/@tiptap/core": {
      "version": "3.4.2"
    },
    "node_modules/@tiptap/extension-file-handler": {
      "version": "3.4.2"
    },
    "node_modules/@tiptap/extension-highlight": {
      "version": "3.4.2"
    },
    "node_modules/@tiptap/extension-image": {
      "version": "3.4.2"
    },
    "node_modules/@tiptap/extension-link": {
      "version": "3.4.2"
    },
    "node_modules/@tiptap/extension-list": {
      "version": "3.4.2"
    },
    "node_modules/@tiptap/extension-subscript": {
      "version": "3.4.2"
    },
    "node_modules/@tiptap/extension-superscript": {
      "version": "3.4.2"
    },
    "node_modules/@tiptap/extension-table": {
      "version": "3.4.2"
    },
    "node_modules/@tiptap/extension-text-align": {
      "version": "3.4.2"
    },
    "node_modules/@tiptap/extension-text-style": {
      "version": "3.4.2"
    },
    "node_modules/@tiptap/extension-underline": {
      "version": "3.4.2"
    },
    "node_modules/@tiptap/extensions": {
      "version": "3.4.2"
    },
    "node_modules/@tiptap/starter-kit": {
      "version": "3.4.2"
    },
    "node_modules/react": {
      "version": "18.3.1"
    },
    "node_modules/react-dom": {
      "version": "18.3.1"
    },
    "node_modules/@vitejs/plugin-react": {
      "version": "5.0.4",
      "dev": true
    },
    "node_modules/vite": {
      "version": "7.1.7",
      "dev": true,
      "bin": {
        "vite": "bin/vite.js"
      },
      "engines": {
        "node": "^20.19.0 || >=22.12.0"
      }
    }
  }
}
